// !$*UTF8*$!
{
	archiveVersion = 1;
	classes = {
	};
	objectVersion = 50;
	objects = {

/* Begin PBXBuildFile section */
		F6C511D020ECBCF800467E04 /* AppDelegate.swift in Sources */ = {isa = PBXBuildFile; fileRef = F6C511CF20ECBCF800467E04 /* AppDelegate.swift */; };
		F6C511D220ECBCF800467E04 /* ViewController.swift in Sources */ = {isa = PBXBuildFile; fileRef = F6C511D120ECBCF800467E04 /* ViewController.swift */; };
		F6C511D520ECBCF800467E04 /* Main.storyboard in Resources */ = {isa = PBXBuildFile; fileRef = F6C511D320ECBCF800467E04 /* Main.storyboard */; };
		F6C511D720ECBCFA00467E04 /* Assets.xcassets in Resources */ = {isa = PBXBuildFile; fileRef = F6C511D620ECBCFA00467E04 /* Assets.xcassets */; };
		F6C511DA20ECBCFA00467E04 /* LaunchScreen.storyboard in Resources */ = {isa = PBXBuildFile; fileRef = F6C511D820ECBCFA00467E04 /* LaunchScreen.storyboard */; };
		F6C511E520ECBCFA00467E04 /* TestBitriseProjectTests.swift in Sources */ = {isa = PBXBuildFile; fileRef = F6C511E420ECBCFA00467E04 /* TestBitriseProjectTests.swift */; };
		F6C511F020ECBCFA00467E04 /* TestBitriseProjectUITests.swift in Sources */ = {isa = PBXBuildFile; fileRef = F6C511EF20ECBCFA00467E04 /* TestBitriseProjectUITests.swift */; };
/* End PBXBuildFile section */

/* Begin PBXContainerItemProxy section */
		F6C511E120ECBCFA00467E04 /* PBXContainerItemProxy */ = {
			isa = PBXContainerItemProxy;
			containerPortal = F6C511C420ECBCF800467E04 /* Project object */;
			proxyType = 1;
			remoteGlobalIDString = F6C511CB20ECBCF800467E04;
			remoteInfo = TestBitriseProject;
		};
		F6C511EC20ECBCFA00467E04 /* PBXContainerItemProxy */ = {
			isa = PBXContainerItemProxy;
			containerPortal = F6C511C420ECBCF800467E04 /* Project object */;
			proxyType = 1;
			remoteGlobalIDString = F6C511CB20ECBCF800467E04;
			remoteInfo = TestBitriseProject;
		};
/* End PBXContainerItemProxy section */

/* Begin PBXFileReference section */
		F6C511CC20ECBCF800467E04 /* TestBitriseProject.app */ = {isa = PBXFileReference; explicitFileType = wrapper.application; includeInIndex = 0; path = TestBitriseProject.app; sourceTree = BUILT_PRODUCTS_DIR; };
		F6C511CF20ECBCF800467E04 /* AppDelegate.swift */ = {isa = PBXFileReference; lastKnownFileType = sourcecode.swift; path = AppDelegate.swift; sourceTree = "<group>"; };
		F6C511D120ECBCF800467E04 /* ViewController.swift */ = {isa = PBXFileReference; lastKnownFileType = sourcecode.swift; path = ViewController.swift; sourceTree = "<group>"; };
		F6C511D420ECBCF800467E04 /* Base */ = {isa = PBXFileReference; lastKnownFileType = file.storyboard; name = Base; path = Base.lproj/Main.storyboard; sourceTree = "<group>"; };
		F6C511D620ECBCFA00467E04 /* Assets.xcassets */ = {isa = PBXFileReference; lastKnownFileType = folder.assetcatalog; path = Assets.xcassets; sourceTree = "<group>"; };
		F6C511D920ECBCFA00467E04 /* Base */ = {isa = PBXFileReference; lastKnownFileType = file.storyboard; name = Base; path = Base.lproj/LaunchScreen.storyboard; sourceTree = "<group>"; };
		F6C511DB20ECBCFA00467E04 /* Info.plist */ = {isa = PBXFileReference; lastKnownFileType = text.plist.xml; path = Info.plist; sourceTree = "<group>"; };
		F6C511E020ECBCFA00467E04 /* TestBitriseProjectTests.xctest */ = {isa = PBXFileReference; explicitFileType = wrapper.cfbundle; includeInIndex = 0; path = TestBitriseProjectTests.xctest; sourceTree = BUILT_PRODUCTS_DIR; };
		F6C511E420ECBCFA00467E04 /* TestBitriseProjectTests.swift */ = {isa = PBXFileReference; lastKnownFileType = sourcecode.swift; path = TestBitriseProjectTests.swift; sourceTree = "<group>"; };
		F6C511E620ECBCFA00467E04 /* Info.plist */ = {isa = PBXFileReference; lastKnownFileType = text.plist.xml; path = Info.plist; sourceTree = "<group>"; };
		F6C511EB20ECBCFA00467E04 /* TestBitriseProjectUITests.xctest */ = {isa = PBXFileReference; explicitFileType = wrapper.cfbundle; includeInIndex = 0; path = TestBitriseProjectUITests.xctest; sourceTree = BUILT_PRODUCTS_DIR; };
		F6C511EF20ECBCFA00467E04 /* TestBitriseProjectUITests.swift */ = {isa = PBXFileReference; lastKnownFileType = sourcecode.swift; path = TestBitriseProjectUITests.swift; sourceTree = "<group>"; };
		F6C511F120ECBCFA00467E04 /* Info.plist */ = {isa = PBXFileReference; lastKnownFileType = text.plist.xml; path = Info.plist; sourceTree = "<group>"; };
/* End PBXFileReference section */

/* Begin PBXFrameworksBuildPhase section */
		F6C511C920ECBCF800467E04 /* Frameworks */ = {
			isa = PBXFrameworksBuildPhase;
			buildActionMask = 2147483647;
			files = (
			);
			runOnlyForDeploymentPostprocessing = 0;
		};
		F6C511DD20ECBCFA00467E04 /* Frameworks */ = {
			isa = PBXFrameworksBuildPhase;
			buildActionMask = 2147483647;
			files = (
			);
			runOnlyForDeploymentPostprocessing = 0;
		};
		F6C511E820ECBCFA00467E04 /* Frameworks */ = {
			isa = PBXFrameworksBuildPhase;
			buildActionMask = 2147483647;
			files = (
			);
			runOnlyForDeploymentPostprocessing = 0;
		};
/* End PBXFrameworksBuildPhase section */

/* Begin PBXGroup section */
		F6C511C320ECBCF800467E04 = {
			isa = PBXGroup;
			children = (
				F6C511CE20ECBCF800467E04 /* TestBitriseProject */,
				F6C511E320ECBCFA00467E04 /* TestBitriseProjectTests */,
				F6C511EE20ECBCFA00467E04 /* TestBitriseProjectUITests */,
				F6C511CD20ECBCF800467E04 /* Products */,
			);
			sourceTree = "<group>";
		};
		F6C511CD20ECBCF800467E04 /* Products */ = {
			isa = PBXGroup;
			children = (
				F6C511CC20ECBCF800467E04 /* TestBitriseProject.app */,
				F6C511E020ECBCFA00467E04 /* TestBitriseProjectTests.xctest */,
				F6C511EB20ECBCFA00467E04 /* TestBitriseProjectUITests.xctest */,
			);
			name = Products;
			sourceTree = "<group>";
		};
		F6C511CE20ECBCF800467E04 /* TestBitriseProject */ = {
			isa = PBXGroup;
			children = (
				F6C511CF20ECBCF800467E04 /* AppDelegate.swift */,
				F6C511D120ECBCF800467E04 /* ViewController.swift */,
				F6C511D320ECBCF800467E04 /* Main.storyboard */,
				F6C511D620ECBCFA00467E04 /* Assets.xcassets */,
				F6C511D820ECBCFA00467E04 /* LaunchScreen.storyboard */,
				F6C511DB20ECBCFA00467E04 /* Info.plist */,
			);
			path = TestBitriseProject;
			sourceTree = "<group>";
		};
		F6C511E320ECBCFA00467E04 /* TestBitriseProjectTests */ = {
			isa = PBXGroup;
			children = (
				F6C511E420ECBCFA00467E04 /* TestBitriseProjectTests.swift */,
				F6C511E620ECBCFA00467E04 /* Info.plist */,
			);
			path = TestBitriseProjectTests;
			sourceTree = "<group>";
		};
		F6C511EE20ECBCFA00467E04 /* TestBitriseProjectUITests */ = {
			isa = PBXGroup;
			children = (
				F6C511EF20ECBCFA00467E04 /* TestBitriseProjectUITests.swift */,
				F6C511F120ECBCFA00467E04 /* Info.plist */,
			);
			path = TestBitriseProjectUITests;
			sourceTree = "<group>";
		};
/* End PBXGroup section */

/* Begin PBXNativeTarget section */
		F6C511CB20ECBCF800467E04 /* TestBitriseProject */ = {
			isa = PBXNativeTarget;
			buildConfigurationList = F6C511F420ECBCFA00467E04 /* Build configuration list for PBXNativeTarget "TestBitriseProject" */;
			buildPhases = (
				F6C511C820ECBCF800467E04 /* Sources */,
				F6C511C920ECBCF800467E04 /* Frameworks */,
				F6C511CA20ECBCF800467E04 /* Resources */,
			);
			buildRules = (
			);
			dependencies = (
			);
			name = TestBitriseProject;
			productName = TestBitriseProject;
			productReference = F6C511CC20ECBCF800467E04 /* TestBitriseProject.app */;
			productType = "com.apple.product-type.application";
		};
		F6C511DF20ECBCFA00467E04 /* TestBitriseProjectTests */ = {
			isa = PBXNativeTarget;
			buildConfigurationList = F6C511F720ECBCFA00467E04 /* Build configuration list for PBXNativeTarget "TestBitriseProjectTests" */;
			buildPhases = (
				F6C511DC20ECBCFA00467E04 /* Sources */,
				F6C511DD20ECBCFA00467E04 /* Frameworks */,
				F6C511DE20ECBCFA00467E04 /* Resources */,
			);
			buildRules = (
			);
			dependencies = (
				F6C511E220ECBCFA00467E04 /* PBXTargetDependency */,
			);
			name = TestBitriseProjectTests;
			productName = TestBitriseProjectTests;
			productReference = F6C511E020ECBCFA00467E04 /* TestBitriseProjectTests.xctest */;
			productType = "com.apple.product-type.bundle.unit-test";
		};
		F6C511EA20ECBCFA00467E04 /* TestBitriseProjectUITests */ = {
			isa = PBXNativeTarget;
			buildConfigurationList = F6C511FA20ECBCFA00467E04 /* Build configuration list for PBXNativeTarget "TestBitriseProjectUITests" */;
			buildPhases = (
				F6C511E720ECBCFA00467E04 /* Sources */,
				F6C511E820ECBCFA00467E04 /* Frameworks */,
				F6C511E920ECBCFA00467E04 /* Resources */,
			);
			buildRules = (
			);
			dependencies = (
				F6C511ED20ECBCFA00467E04 /* PBXTargetDependency */,
			);
			name = TestBitriseProjectUITests;
			productName = TestBitriseProjectUITests;
			productReference = F6C511EB20ECBCFA00467E04 /* TestBitriseProjectUITests.xctest */;
			productType = "com.apple.product-type.bundle.ui-testing";
		};
/* End PBXNativeTarget section */

/* Begin PBXProject section */
		F6C511C420ECBCF800467E04 /* Project object */ = {
			isa = PBXProject;
			attributes = {
				LastSwiftUpdateCheck = 0940;
				LastUpgradeCheck = 0940;
				ORGANIZATIONNAME = "Adnan Zahid";
				TargetAttributes = {
					F6C511CB20ECBCF800467E04 = {
						CreatedOnToolsVersion = 9.4.1;
					};
					F6C511DF20ECBCFA00467E04 = {
						CreatedOnToolsVersion = 9.4.1;
						TestTargetID = F6C511CB20ECBCF800467E04;
					};
					F6C511EA20ECBCFA00467E04 = {
						CreatedOnToolsVersion = 9.4.1;
						TestTargetID = F6C511CB20ECBCF800467E04;
					};
				};
			};
			buildConfigurationList = F6C511C720ECBCF800467E04 /* Build configuration list for PBXProject "TestBitriseProject" */;
			compatibilityVersion = "Xcode 9.3";
			developmentRegion = en;
			hasScannedForEncodings = 0;
			knownRegions = (
				en,
				Base,
			);
			mainGroup = F6C511C320ECBCF800467E04;
			productRefGroup = F6C511CD20ECBCF800467E04 /* Products */;
			projectDirPath = "";
			projectRoot = "";
			targets = (
				F6C511CB20ECBCF800467E04 /* TestBitriseProject */,
				F6C511DF20ECBCFA00467E04 /* TestBitriseProjectTests */,
				F6C511EA20ECBCFA00467E04 /* TestBitriseProjectUITests */,
			);
		};
/* End PBXProject section */

/* Begin PBXResourcesBuildPhase section */
		F6C511CA20ECBCF800467E04 /* Resources */ = {
			isa = PBXResourcesBuildPhase;
			buildActionMask = 2147483647;
			files = (
				F6C511DA20ECBCFA00467E04 /* LaunchScreen.storyboard in Resources */,
				F6C511D720ECBCFA00467E04 /* Assets.xcassets in Resources */,
				F6C511D520ECBCF800467E04 /* Main.storyboard in Resources */,
			);
			runOnlyForDeploymentPostprocessing = 0;
		};
		F6C511DE20ECBCFA00467E04 /* Resources */ = {
			isa = PBXResourcesBuildPhase;
			buildActionMask = 2147483647;
			files = (
			);
			runOnlyForDeploymentPostprocessing = 0;
		};
		F6C511E920ECBCFA00467E04 /* Resources */ = {
			isa = PBXResourcesBuildPhase;
			buildActionMask = 2147483647;
			files = (
			);
			runOnlyForDeploymentPostprocessing = 0;
		};
/* End PBXResourcesBuildPhase section */

/* Begin PBXSourcesBuildPhase section */
		F6C511C820ECBCF800467E04 /* Sources */ = {
			isa = PBXSourcesBuildPhase;
			buildActionMask = 2147483647;
			files = (
				F6C511D220ECBCF800467E04 /* ViewController.swift in Sources */,
				F6C511D020ECBCF800467E04 /* AppDelegate.swift in Sources */,
			);
			runOnlyForDeploymentPostprocessing = 0;
		};
		F6C511DC20ECBCFA00467E04 /* Sources */ = {
			isa = PBXSourcesBuildPhase;
			buildActionMask = 2147483647;
			files = (
				F6C511E520ECBCFA00467E04 /* TestBitriseProjectTests.swift in Sources */,
			);
			runOnlyForDeploymentPostprocessing = 0;
		};
		F6C511E720ECBCFA00467E04 /* Sources */ = {
			isa = PBXSourcesBuildPhase;
			buildActionMask = 2147483647;
			files = (
				F6C511F020ECBCFA00467E04 /* TestBitriseProjectUITests.swift in Sources */,
			);
			runOnlyForDeploymentPostprocessing = 0;
		};
/* End PBXSourcesBuildPhase section */

/* Begin PBXTargetDependency section */
		F6C511E220ECBCFA00467E04 /* PBXTargetDependency */ = {
			isa = PBXTargetDependency;
			target = F6C511CB20ECBCF800467E04 /* TestBitriseProject */;
			targetProxy = F6C511E120ECBCFA00467E04 /* PBXContainerItemProxy */;
		};
		F6C511ED20ECBCFA00467E04 /* PBXTargetDependency */ = {
			isa = PBXTargetDependency;
			target = F6C511CB20ECBCF800467E04 /* TestBitriseProject */;
			targetProxy = F6C511EC20ECBCFA00467E04 /* PBXContainerItemProxy */;
		};
/* End PBXTargetDependency section */

/* Begin PBXVariantGroup section */
		F6C511D320ECBCF800467E04 /* Main.storyboard */ = {
			isa = PBXVariantGroup;
			children = (
				F6C511D420ECBCF800467E04 /* Base */,
			);
			name = Main.storyboard;
			sourceTree = "<group>";
		};
		F6C511D820ECBCFA00467E04 /* LaunchScreen.storyboard */ = {
			isa = PBXVariantGroup;
			children = (
				F6C511D920ECBCFA00467E04 /* Base */,
			);
			name = LaunchScreen.storyboard;
			sourceTree = "<group>";
		};
/* End PBXVariantGroup section */

/* Begin XCBuildConfiguration section */
		F6C511F220ECBCFA00467E04 /* Debug */ = {
			isa = XCBuildConfiguration;
			buildSettings = {
				ALWAYS_SEARCH_USER_PATHS = NO;
				CLANG_ANALYZER_NONNULL = YES;
				CLANG_ANALYZER_NUMBER_OBJECT_CONVERSION = YES_AGGRESSIVE;
				CLANG_CXX_LANGUAGE_STANDARD = "gnu++14";
				CLANG_CXX_LIBRARY = "libc++";
				CLANG_ENABLE_MODULES = YES;
				CLANG_ENABLE_OBJC_ARC = YES;
				CLANG_ENABLE_OBJC_WEAK = YES;
				CLANG_WARN_BLOCK_CAPTURE_AUTORELEASING = YES;
				CLANG_WARN_BOOL_CONVERSION = YES;
				CLANG_WARN_COMMA = YES;
				CLANG_WARN_CONSTANT_CONVERSION = YES;
				CLANG_WARN_DEPRECATED_OBJC_IMPLEMENTATIONS = YES;
				CLANG_WARN_DIRECT_OBJC_ISA_USAGE = YES_ERROR;
				CLANG_WARN_DOCUMENTATION_COMMENTS = YES;
				CLANG_WARN_EMPTY_BODY = YES;
				CLANG_WARN_ENUM_CONVERSION = YES;
				CLANG_WARN_INFINITE_RECURSION = YES;
				CLANG_WARN_INT_CONVERSION = YES;
				CLANG_WARN_NON_LITERAL_NULL_CONVERSION = YES;
				CLANG_WARN_OBJC_IMPLICIT_RETAIN_SELF = YES;
				CLANG_WARN_OBJC_LITERAL_CONVERSION = YES;
				CLANG_WARN_OBJC_ROOT_CLASS = YES_ERROR;
				CLANG_WARN_RANGE_LOOP_ANALYSIS = YES;
				CLANG_WARN_STRICT_PROTOTYPES = YES;
				CLANG_WARN_SUSPICIOUS_MOVE = YES;
				CLANG_WARN_UNGUARDED_AVAILABILITY = YES_AGGRESSIVE;
				CLANG_WARN_UNREACHABLE_CODE = YES;
				CLANG_WARN__DUPLICATE_METHOD_MATCH = YES;
				CODE_SIGN_IDENTITY = "iPhone Developer";
				COPY_PHASE_STRIP = NO;
				DEBUG_INFORMATION_FORMAT = dwarf;
				ENABLE_STRICT_OBJC_MSGSEND = YES;
				ENABLE_TESTABILITY = YES;
				GCC_C_LANGUAGE_STANDARD = gnu11;
				GCC_DYNAMIC_NO_PIC = NO;
				GCC_NO_COMMON_BLOCKS = YES;
				GCC_OPTIMIZATION_LEVEL = 0;
				GCC_PREPROCESSOR_DEFINITIONS = (
					"DEBUG=1",
					"$(inherited)",
				);
				GCC_WARN_64_TO_32_BIT_CONVERSION = YES;
				GCC_WARN_ABOUT_RETURN_TYPE = YES_ERROR;
				GCC_WARN_UNDECLARED_SELECTOR = YES;
				GCC_WARN_UNINITIALIZED_AUTOS = YES_AGGRESSIVE;
				GCC_WARN_UNUSED_FUNCTION = YES;
				GCC_WARN_UNUSED_VARIABLE = YES;
				IPHONEOS_DEPLOYMENT_TARGET = 11.4;
				MTL_ENABLE_DEBUG_INFO = YES;
				ONLY_ACTIVE_ARCH = YES;
				SDKROOT = iphoneos;
				SWIFT_ACTIVE_COMPILATION_CONDITIONS = DEBUG;
				SWIFT_OPTIMIZATION_LEVEL = "-Onone";
			};
			name = Debug;
		};
		F6C511F320ECBCFA00467E04 /* Release */ = {
			isa = XCBuildConfiguration;
			buildSettings = {
				ALWAYS_SEARCH_USER_PATHS = NO;
				CLANG_ANALYZER_NONNULL = YES;
				CLANG_ANALYZER_NUMBER_OBJECT_CONVERSION = YES_AGGRESSIVE;
				CLANG_CXX_LANGUAGE_STANDARD = "gnu++14";
				CLANG_CXX_LIBRARY = "libc++";
				CLANG_ENABLE_MODULES = YES;
				CLANG_ENABLE_OBJC_ARC = YES;
				CLANG_ENABLE_OBJC_WEAK = YES;
				CLANG_WARN_BLOCK_CAPTURE_AUTORELEASING = YES;
				CLANG_WARN_BOOL_CONVERSION = YES;
				CLANG_WARN_COMMA = YES;
				CLANG_WARN_CONSTANT_CONVERSION = YES;
				CLANG_WARN_DEPRECATED_OBJC_IMPLEMENTATIONS = YES;
				CLANG_WARN_DIRECT_OBJC_ISA_USAGE = YES_ERROR;
				CLANG_WARN_DOCUMENTATION_COMMENTS = YES;
				CLANG_WARN_EMPTY_BODY = YES;
				CLANG_WARN_ENUM_CONVERSION = YES;
				CLANG_WARN_INFINITE_RECURSION = YES;
				CLANG_WARN_INT_CONVERSION = YES;
				CLANG_WARN_NON_LITERAL_NULL_CONVERSION = YES;
				CLANG_WARN_OBJC_IMPLICIT_RETAIN_SELF = YES;
				CLANG_WARN_OBJC_LITERAL_CONVERSION = YES;
				CLANG_WARN_OBJC_ROOT_CLASS = YES_ERROR;
				CLANG_WARN_RANGE_LOOP_ANALYSIS = YES;
				CLANG_WARN_STRICT_PROTOTYPES = YES;
				CLANG_WARN_SUSPICIOUS_MOVE = YES;
				CLANG_WARN_UNGUARDED_AVAILABILITY = YES_AGGRESSIVE;
				CLANG_WARN_UNREACHABLE_CODE = YES;
				CLANG_WARN__DUPLICATE_METHOD_MATCH = YES;
				CODE_SIGN_IDENTITY = "iPhone Developer";
				COPY_PHASE_STRIP = NO;
				DEBUG_INFORMATION_FORMAT = "dwarf-with-dsym";
				ENABLE_NS_ASSERTIONS = NO;
				ENABLE_STRICT_OBJC_MSGSEND = YES;
				GCC_C_LANGUAGE_STANDARD = gnu11;
				GCC_NO_COMMON_BLOCKS = YES;
				GCC_WARN_64_TO_32_BIT_CONVERSION = YES;
				GCC_WARN_ABOUT_RETURN_TYPE = YES_ERROR;
				GCC_WARN_UNDECLARED_SELECTOR = YES;
				GCC_WARN_UNINITIALIZED_AUTOS = YES_AGGRESSIVE;
				GCC_WARN_UNUSED_FUNCTION = YES;
				GCC_WARN_UNUSED_VARIABLE = YES;
				IPHONEOS_DEPLOYMENT_TARGET = 11.4;
				MTL_ENABLE_DEBUG_INFO = NO;
				SDKROOT = iphoneos;
				SWIFT_COMPILATION_MODE = wholemodule;
				SWIFT_OPTIMIZATION_LEVEL = "-O";
				VALIDATE_PRODUCT = YES;
			};
			name = Release;
		};
		F6C511F520ECBCFA00467E04 /* Debug */ = {
			isa = XCBuildConfiguration;
			buildSettings = {
				ASSETCATALOG_COMPILER_APPICON_NAME = AppIcon;
				CODE_SIGN_STYLE = Automatic;
				DEVELOPMENT_TEAM = ZBPP83795K;
				INFOPLIST_FILE = TestBitriseProject/Info.plist;
				LD_RUNPATH_SEARCH_PATHS = (
					"$(inherited)",
					"@executable_path/Frameworks",
				);
				PRODUCT_BUNDLE_IDENTIFIER = TestBitriseProject.TestBitriseProject;
				PRODUCT_NAME = "$(TARGET_NAME)";
				SWIFT_VERSION = 4.0;
				TARGETED_DEVICE_FAMILY = "1,2";
			};
			name = Debug;
		};
		F6C511F620ECBCFA00467E04 /* Release */ = {
			isa = XCBuildConfiguration;
			buildSettings = {
				ASSETCATALOG_COMPILER_APPICON_NAME = AppIcon;
				CODE_SIGN_STYLE = Automatic;
				DEVELOPMENT_TEAM = ZBPP83795K;
				INFOPLIST_FILE = TestBitriseProject/Info.plist;
				LD_RUNPATH_SEARCH_PATHS = (
					"$(inherited)",
					"@executable_path/Frameworks",
				);
				PRODUCT_BUNDLE_IDENTIFIER = TestBitriseProject.TestBitriseProject;
				PRODUCT_NAME = "$(TARGET_NAME)";
				SWIFT_VERSION = 4.0;
				TARGETED_DEVICE_FAMILY = "1,2";
			};
			name = Release;
		};
		F6C511F820ECBCFA00467E04 /* Debug */ = {
			isa = XCBuildConfiguration;
			buildSettings = {
				ALWAYS_EMBED_SWIFT_STANDARD_LIBRARIES = YES;
				BUNDLE_LOADER = "$(TEST_HOST)";
				CODE_SIGN_STYLE = Automatic;
				DEVELOPMENT_TEAM = ZBPP83795K;
				INFOPLIST_FILE = TestBitriseProjectTests/Info.plist;
				LD_RUNPATH_SEARCH_PATHS = (
					"$(inherited)",
					"@executable_path/Frameworks",
					"@loader_path/Frameworks",
				);
				PRODUCT_BUNDLE_IDENTIFIER = TestBitriseProject.TestBitriseProjectTests;
				PRODUCT_NAME = "$(TARGET_NAME)";
				SWIFT_VERSION = 4.0;
				TARGETED_DEVICE_FAMILY = "1,2";
				TEST_HOST = "$(BUILT_PRODUCTS_DIR)/TestBitriseProject.app/TestBitriseProject";
			};
			name = Debug;
		};
		F6C511F920ECBCFA00467E04 /* Release */ = {
			isa = XCBuildConfiguration;
			buildSettings = {
				ALWAYS_EMBED_SWIFT_STANDARD_LIBRARIES = YES;
				BUNDLE_LOADER = "$(TEST_HOST)";
				CODE_SIGN_STYLE = Automatic;
				DEVELOPMENT_TEAM = ZBPP83795K;
				INFOPLIST_FILE = TestBitriseProjectTests/Info.plist;
				LD_RUNPATH_SEARCH_PATHS = (
					"$(inherited)",
					"@executable_path/Frameworks",
					"@loader_path/Frameworks",
				);
				PRODUCT_BUNDLE_IDENTIFIER = TestBitriseProject.TestBitriseProjectTests;
				PRODUCT_NAME = "$(TARGET_NAME)";
				SWIFT_VERSION = 4.0;
				TARGETED_DEVICE_FAMILY = "1,2";
				TEST_HOST = "$(BUILT_PRODUCTS_DIR)/TestBitriseProject.app/TestBitriseProject";
			};
			name = Release;
		};
		F6C511FB20ECBCFA00467E04 /* Debug */ = {
			isa = XCBuildConfiguration;
			buildSettings = {
				ALWAYS_EMBED_SWIFT_STANDARD_LIBRARIES = YES;
				CODE_SIGN_STYLE = Automatic;
				DEVELOPMENT_TEAM = ZBPP83795K;
				INFOPLIST_FILE = TestBitriseProjectUITests/Info.plist;
				LD_RUNPATH_SEARCH_PATHS = (
					"$(inherited)",
					"@executable_path/Frameworks",
					"@loader_path/Frameworks",
				);
				PRODUCT_BUNDLE_IDENTIFIER = TestBitriseProject.TestBitriseProjectUITests;
				PRODUCT_NAME = "$(TARGET_NAME)";
				SWIFT_VERSION = 4.0;
				TARGETED_DEVICE_FAMILY = "1,2";
				TEST_TARGET_NAME = TestBitriseProject;
			};
			name = Debug;
		};
		F6C511FC20ECBCFA00467E04 /* Release */ = {
			isa = XCBuildConfiguration;
			buildSettings = {
				ALWAYS_EMBED_SWIFT_STANDARD_LIBRARIES = YES;
				CODE_SIGN_STYLE = Automatic;
				DEVELOPMENT_TEAM = ZBPP83795K;
				INFOPLIST_FILE = TestBitriseProjectUITests/Info.plist;
				LD_RUNPATH_SEARCH_PATHS = (
					"$(inherited)",
					"@executable_path/Frameworks",
					"@loader_path/Frameworks",
				);
				PRODUCT_BUNDLE_IDENTIFIER = TestBitriseProject.TestBitriseProjectUITests;
				PRODUCT_NAME = "$(TARGET_NAME)";
				SWIFT_VERSION = 4.0;
				TARGETED_DEVICE_FAMILY = "1,2";
				TEST_TARGET_NAME = TestBitriseProject;
			};
			name = Release;
		};
/* End XCBuildConfiguration section */

/* Begin XCConfigurationList section */
		F6C511C720ECBCF800467E04 /* Build configuration list for PBXProject "TestBitriseProject" */ = {
			isa = XCConfigurationList;
			buildConfigurations = (
				F6C511F220ECBCFA00467E04 /* Debug */,
				F6C511F320ECBCFA00467E04 /* Release */,
			);
			defaultConfigurationIsVisible = 0;
			defaultConfigurationName = Release;
		};
		F6C511F420ECBCFA00467E04 /* Build configuration list for PBXNativeTarget "TestBitriseProject" */ = {
			isa = XCConfigurationList;
			buildConfigurations = (
				F6C511F520ECBCFA00467E04 /* Debug */,
				F6C511F620ECBCFA00467E04 /* Release */,
			);
			defaultConfigurationIsVisible = 0;
			defaultConfigurationName = Release;
		};
		F6C511F720ECBCFA00467E04 /* Build configuration list for PBXNativeTarget "TestBitriseProjectTests" */ = {
			isa = XCConfigurationList;
			buildConfigurations = (
				F6C511F820ECBCFA00467E04 /* Debug */,
				F6C511F920ECBCFA00467E04 /* Release */,
			);
			defaultConfigurationIsVisible = 0;
			defaultConfigurationName = Release;
		};
		F6C511FA20ECBCFA00467E04 /* Build configuration list for PBXNativeTarget "TestBitriseProjectUITests" */ = {
			isa = XCConfigurationList;
			buildConfigurations = (
				F6C511FB20ECBCFA00467E04 /* Debug */,
				F6C511FC20ECBCFA00467E04 /* Release */,
			);
			defaultConfigurationIsVisible = 0;
			defaultConfigurationName = Release;
		};
/* End XCConfigurationList section */
	};
	rootObject = F6C511C420ECBCF800467E04 /* Project object */;
}
